
Microsoft Visual Studio Solution File, Format Version 12.00
# Visual Studio 15
VisualStudioVersion = 15.0.28307.1300
MinimumVisualStudioVersion = 10.0.40219.1
Project("{FAE04EC0-301F-11D3-BF4B-00C04F79EFBC}") = "最大自序和", "最大自序和\最大自序和.csproj", "{8956CD5C-1E66-4AD1-876D-E88A679F78B9}"
EndProject
Global
	GlobalSection(SolutionConfigurationPlatforms) = preSolution
		Debug|Any CPU = Debug|Any CPU
		Release|Any CPU = Release|Any CPU
	EndGlobalSection
	GlobalSection(ProjectConfigurationPlatforms) = postSolution
		{8956CD5C-1E66-4AD1-876D-E88A679F78B9}.Debug|Any CPU.ActiveCfg = Debug|Any CPU
		{8956CD5C-1E66-4AD1-876D-E88A679F78B9}.Debug|Any CPU.Build.0 = Debug|Any CPU
		{8956CD5C-1E66-4AD1-876D-E88A679F78B9}.Release|Any CPU.ActiveCfg = Release|Any CPU
		{8956CD5C-1E66-4AD1-876D-E88A679F78B9}.Release|Any CPU.Build.0 = Release|Any CPU
	EndGlobalSection
	GlobalSection(SolutionProperties) = preSolution
		HideSolutionNode = FALSE
	EndGlobalSection
	GlobalSection(ExtensibilityGlobals) = postSolution
		SolutionGuid = {D5D8AD6F-6682-43EB-9159-87B896FA5933}
	EndGlobalSection
EndGlobal
