
Microsoft Visual Studio Solution File, Format Version 12.00
# Visual Studio Version 16
VisualStudioVersion = 16.0.30406.217
MinimumVisualStudioVersion = 10.0.40219.1
Project("{FAE04EC0-301F-11D3-BF4B-00C04F79EFBC}") = "字符串测试", "字符串测试\字符串测试.csproj", "{4AF02ECD-71A4-46A0-B5C7-22C21233E684}"
EndProject
Global
	GlobalSection(SolutionConfigurationPlatforms) = preSolution
		Debug|Any CPU = Debug|Any CPU
		Release|Any CPU = Release|Any CPU
	EndGlobalSection
	GlobalSection(ProjectConfigurationPlatforms) = postSolution
		{4AF02ECD-71A4-46A0-B5C7-22C21233E684}.Debug|Any CPU.ActiveCfg = Debug|Any CPU
		{4AF02ECD-71A4-46A0-B5C7-22C21233E684}.Debug|Any CPU.Build.0 = Debug|Any CPU
		{4AF02ECD-71A4-46A0-B5C7-22C21233E684}.Release|Any CPU.ActiveCfg = Release|Any CPU
		{4AF02ECD-71A4-46A0-B5C7-22C21233E684}.Release|Any CPU.Build.0 = Release|Any CPU
	EndGlobalSection
	GlobalSection(SolutionProperties) = preSolution
		HideSolutionNode = FALSE
	EndGlobalSection
	GlobalSection(ExtensibilityGlobals) = postSolution
		SolutionGuid = {623B4161-7094-4154-9869-A9D9EAE7C88A}
	EndGlobalSection
EndGlobal
