
Microsoft Visual Studio Solution File, Format Version 12.00
# Visual Studio 15
VisualStudioVersion = 15.0.28307.1300
MinimumVisualStudioVersion = 10.0.40219.1
Project("{FAE04EC0-301F-11D3-BF4B-00C04F79EFBC}") = "删除排序数组中的重复项", "删除排序数组中的重复项\删除排序数组中的重复项.csproj", "{BEB1E388-3FA3-4A2D-AA66-F80959353FF2}"
EndProject
Global
	GlobalSection(SolutionConfigurationPlatforms) = preSolution
		Debug|Any CPU = Debug|Any CPU
		Release|Any CPU = Release|Any CPU
	EndGlobalSection
	GlobalSection(ProjectConfigurationPlatforms) = postSolution
		{BEB1E388-3FA3-4A2D-AA66-F80959353FF2}.Debug|Any CPU.ActiveCfg = Debug|Any CPU
		{BEB1E388-3FA3-4A2D-AA66-F80959353FF2}.Debug|Any CPU.Build.0 = Debug|Any CPU
		{BEB1E388-3FA3-4A2D-AA66-F80959353FF2}.Release|Any CPU.ActiveCfg = Release|Any CPU
		{BEB1E388-3FA3-4A2D-AA66-F80959353FF2}.Release|Any CPU.Build.0 = Release|Any CPU
	EndGlobalSection
	GlobalSection(SolutionProperties) = preSolution
		HideSolutionNode = FALSE
	EndGlobalSection
	GlobalSection(ExtensibilityGlobals) = postSolution
		SolutionGuid = {1CF24E17-85C4-4C70-AB92-E31A6633EEC8}
	EndGlobalSection
EndGlobal
