
Microsoft Visual Studio Solution File, Format Version 12.00
# Visual Studio 15
VisualStudioVersion = 15.0.28307.1300
MinimumVisualStudioVersion = 10.0.40219.1
Project("{FAE04EC0-301F-11D3-BF4B-00C04F79EFBC}") = "ChatRoom_Server", "ChatRoom_Server\ChatRoom_Server.csproj", "{EEB3C946-CB5E-4D53-AAB5-68090026B673}"
EndProject
Global
	GlobalSection(SolutionConfigurationPlatforms) = preSolution
		Debug|Any CPU = Debug|Any CPU
		Release|Any CPU = Release|Any CPU
	EndGlobalSection
	GlobalSection(ProjectConfigurationPlatforms) = postSolution
		{EEB3C946-CB5E-4D53-AAB5-68090026B673}.Debug|Any CPU.ActiveCfg = Debug|Any CPU
		{EEB3C946-CB5E-4D53-AAB5-68090026B673}.Debug|Any CPU.Build.0 = Debug|Any CPU
		{EEB3C946-CB5E-4D53-AAB5-68090026B673}.Release|Any CPU.ActiveCfg = Release|Any CPU
		{EEB3C946-CB5E-4D53-AAB5-68090026B673}.Release|Any CPU.Build.0 = Release|Any CPU
	EndGlobalSection
	GlobalSection(SolutionProperties) = preSolution
		HideSolutionNode = FALSE
	EndGlobalSection
	GlobalSection(ExtensibilityGlobals) = postSolution
		SolutionGuid = {08130078-35CB-48DE-A50A-DE6FF9C5E30D}
	EndGlobalSection
EndGlobal
