
Microsoft Visual Studio Solution File, Format Version 12.00
# Visual Studio Version 16
VisualStudioVersion = 16.0.30406.217
MinimumVisualStudioVersion = 10.0.40219.1
Project("{FAE04EC0-301F-11D3-BF4B-00C04F79EFBC}") = "基类的初始化", "基类的初始化\基类的初始化.csproj", "{80DC0100-7E10-48CB-A9E5-C1008C6391EA}"
EndProject
Global
	GlobalSection(SolutionConfigurationPlatforms) = preSolution
		Debug|Any CPU = Debug|Any CPU
		Release|Any CPU = Release|Any CPU
	EndGlobalSection
	GlobalSection(ProjectConfigurationPlatforms) = postSolution
		{80DC0100-7E10-48CB-A9E5-C1008C6391EA}.Debug|Any CPU.ActiveCfg = Debug|Any CPU
		{80DC0100-7E10-48CB-A9E5-C1008C6391EA}.Debug|Any CPU.Build.0 = Debug|Any CPU
		{80DC0100-7E10-48CB-A9E5-C1008C6391EA}.Release|Any CPU.ActiveCfg = Release|Any CPU
		{80DC0100-7E10-48CB-A9E5-C1008C6391EA}.Release|Any CPU.Build.0 = Release|Any CPU
	EndGlobalSection
	GlobalSection(SolutionProperties) = preSolution
		HideSolutionNode = FALSE
	EndGlobalSection
	GlobalSection(ExtensibilityGlobals) = postSolution
		SolutionGuid = {F33CCB63-0ED5-47E4-9100-38F582BE80CD}
	EndGlobalSection
EndGlobal
