
Microsoft Visual Studio Solution File, Format Version 12.00
# Visual Studio 15
VisualStudioVersion = 15.0.28307.1300
MinimumVisualStudioVersion = 10.0.40219.1
Project("{FAE04EC0-301F-11D3-BF4B-00C04F79EFBC}") = "十大排序算法", "十大排序算法\十大排序算法.csproj", "{81F239C4-7FFC-4AA0-8AD1-EA2FA2F6BD50}"
EndProject
Global
	GlobalSection(SolutionConfigurationPlatforms) = preSolution
		Debug|Any CPU = Debug|Any CPU
		Release|Any CPU = Release|Any CPU
	EndGlobalSection
	GlobalSection(ProjectConfigurationPlatforms) = postSolution
		{81F239C4-7FFC-4AA0-8AD1-EA2FA2F6BD50}.Debug|Any CPU.ActiveCfg = Debug|Any CPU
		{81F239C4-7FFC-4AA0-8AD1-EA2FA2F6BD50}.Debug|Any CPU.Build.0 = Debug|Any CPU
		{81F239C4-7FFC-4AA0-8AD1-EA2FA2F6BD50}.Release|Any CPU.ActiveCfg = Release|Any CPU
		{81F239C4-7FFC-4AA0-8AD1-EA2FA2F6BD50}.Release|Any CPU.Build.0 = Release|Any CPU
	EndGlobalSection
	GlobalSection(SolutionProperties) = preSolution
		HideSolutionNode = FALSE
	EndGlobalSection
	GlobalSection(ExtensibilityGlobals) = postSolution
		SolutionGuid = {4D104AD9-ADC1-4884-BDBD-A8E61AD710C4}
	EndGlobalSection
EndGlobal
