
Microsoft Visual Studio Solution File, Format Version 12.00
# Visual Studio 15
VisualStudioVersion = 15.0.28307.1300
MinimumVisualStudioVersion = 10.0.40219.1
Project("{FAE04EC0-301F-11D3-BF4B-00C04F79EFBC}") = "环形子数组的最大和", "环形子数组的最大和\环形子数组的最大和.csproj", "{B1FC804F-FB77-4AF0-8408-CB9771F8A6A7}"
EndProject
Global
	GlobalSection(SolutionConfigurationPlatforms) = preSolution
		Debug|Any CPU = Debug|Any CPU
		Release|Any CPU = Release|Any CPU
	EndGlobalSection
	GlobalSection(ProjectConfigurationPlatforms) = postSolution
		{B1FC804F-FB77-4AF0-8408-CB9771F8A6A7}.Debug|Any CPU.ActiveCfg = Debug|Any CPU
		{B1FC804F-FB77-4AF0-8408-CB9771F8A6A7}.Debug|Any CPU.Build.0 = Debug|Any CPU
		{B1FC804F-FB77-4AF0-8408-CB9771F8A6A7}.Release|Any CPU.ActiveCfg = Release|Any CPU
		{B1FC804F-FB77-4AF0-8408-CB9771F8A6A7}.Release|Any CPU.Build.0 = Release|Any CPU
	EndGlobalSection
	GlobalSection(SolutionProperties) = preSolution
		HideSolutionNode = FALSE
	EndGlobalSection
	GlobalSection(ExtensibilityGlobals) = postSolution
		SolutionGuid = {58179BF6-CDCF-42F0-9749-B575BC4E27B9}
	EndGlobalSection
EndGlobal
