
Microsoft Visual Studio Solution File, Format Version 12.00
# Visual Studio Version 16
VisualStudioVersion = 16.0.30406.217
MinimumVisualStudioVersion = 10.0.40219.1
Project("{FAE04EC0-301F-11D3-BF4B-00C04F79EFBC}") = "Hashtable", "Hashtable\Hashtable.csproj", "{56C84814-8AED-4C21-9B74-EF26ECE853BD}"
EndProject
Global
	GlobalSection(SolutionConfigurationPlatforms) = preSolution
		Debug|Any CPU = Debug|Any CPU
		Release|Any CPU = Release|Any CPU
	EndGlobalSection
	GlobalSection(ProjectConfigurationPlatforms) = postSolution
		{56C84814-8AED-4C21-9B74-EF26ECE853BD}.Debug|Any CPU.ActiveCfg = Debug|Any CPU
		{56C84814-8AED-4C21-9B74-EF26ECE853BD}.Debug|Any CPU.Build.0 = Debug|Any CPU
		{56C84814-8AED-4C21-9B74-EF26ECE853BD}.Release|Any CPU.ActiveCfg = Release|Any CPU
		{56C84814-8AED-4C21-9B74-EF26ECE853BD}.Release|Any CPU.Build.0 = Release|Any CPU
	EndGlobalSection
	GlobalSection(SolutionProperties) = preSolution
		HideSolutionNode = FALSE
	EndGlobalSection
	GlobalSection(ExtensibilityGlobals) = postSolution
		SolutionGuid = {EC17BCEF-328C-48DD-B53A-764D81D64F80}
	EndGlobalSection
EndGlobal
